<?xml version="1.0" encoding="utf-8"?>
<Project ToolsVersion="4.0" xmlns="http://schemas.microsoft.com/developer/msbuild/2003">
  <ItemGroup>
    <Filter Include="源文件">
      <UniqueIdentifier>{4FC737F1-C7A5-4376-A066-2A32D752A2FF}</UniqueIdentifier>
      <Extensions>cpp;c;cc;cxx;c++;cppm;ixx;def;odl;idl;hpj;bat;asm;asmx</Extensions>
    </Filter>
    <Filter Include="头文件">
      <UniqueIdentifier>{93995380-89BD-4b04-88EB-625FBE52EBFB}</UniqueIdentifier>
      <Extensions>h;hh;hpp;hxx;h++;hm;inl;inc;ipp;xsd</Extensions>
    </Filter>
    <Filter Include="资源文件">
      <UniqueIdentifier>{67DA6AB6-F800-4c08-8B7A-83BB121AAD01}</UniqueIdentifier>
      <Extensions>rc;ico;cur;bmp;dlg;rc2;rct;bin;rgs;gif;jpg;jpeg;jpe;resx;tiff;tif;png;wav;mfcribbon-ms</Extensions>
    </Filter>
    <Filter Include="头文件\UI">
      <UniqueIdentifier>{cf381863-c02a-4c55-aa1a-bc48747684a8}</UniqueIdentifier>
    </Filter>
    <Filter Include="头文件\CALC">
      <UniqueIdentifier>{1cb49d5e-7c1f-444d-a86f-45573ff7c92d}</UniqueIdentifier>
    </Filter>
    <Filter Include="头文件\SYS">
      <UniqueIdentifier>{2b6fbb8b-15b2-4505-b986-6c141c638316}</UniqueIdentifier>
    </Filter>
    <Filter Include="头文件\AOP">
      <UniqueIdentifier>{5fa74a63-24ee-4220-b218-417549a4630a}</UniqueIdentifier>
    </Filter>
  </ItemGroup>
  <ItemGroup>
    <ClCompile Include="WinFileRenamer.cpp">
      <Filter>源文件</Filter>
    </ClCompile>
  </ItemGroup>
  <ItemGroup>
    <ClInclude Include="ui.hpp">
      <Filter>头文件\UI</Filter>
    </ClInclude>
    <ClInclude Include="resource1.h">
      <Filter>头文件\UI</Filter>
    </ClInclude>
    <ClInclude Include="calc.hpp">
      <Filter>头文件\CALC</Filter>
    </ClInclude>
    <ClInclude Include="process_thread.hpp">
      <Filter>头文件\SYS</Filter>
    </ClInclude>
    <ClInclude Include="update_main.hpp">
      <Filter>头文件\SYS</Filter>
    </ClInclude>
    <ClInclude Include="aop.hpp">
      <Filter>头文件\AOP</Filter>
    </ClInclude>
    <ClInclude Include="head.hpp">
      <Filter>头文件</Filter>
    </ClInclude>
    <ClInclude Include="shared_data.hpp">
      <Filter>头文件\SYS</Filter>
    </ClInclude>
    <ClInclude Include="ui_state.hpp">
      <Filter>头文件\UI</Filter>
    </ClInclude>
    <ClInclude Include="ui_constants.hpp">
      <Filter>头文件\UI</Filter>
    </ClInclude>
    <ClInclude Include="ui_inputbox.hpp">
      <Filter>头文件\UI</Filter>
    </ClInclude>
    <ClInclude Include="ui_language.hpp">
      <Filter>头文件\UI</Filter>
    </ClInclude>
    <ClInclude Include="ui_methods.hpp">
      <Filter>头文件\UI</Filter>
    </ClInclude>
  </ItemGroup>
  <ItemGroup>
    <Image Include="icon1.ico">
      <Filter>资源文件</Filter>
    </Image>
    <Image Include="..\img\pic_cn.png">
      <Filter>源文件</Filter>
    </Image>
    <Image Include="..\img\pic_en.png">
      <Filter>源文件</Filter>
    </Image>
  </ItemGroup>
  <ItemGroup>
    <Text Include="..\README.md">
      <Filter>源文件</Filter>
    </Text>
  </ItemGroup>
  <ItemGroup>
    <Manifest Include="app.manifest">
      <Filter>资源文件</Filter>
    </Manifest>
  </ItemGroup>
  <ItemGroup>
    <ResourceCompile Include="WinFileRenamer.rc">
      <Filter>资源文件</Filter>
    </ResourceCompile>
  </ItemGroup>
</Project>